
Microsoft Visual Studio Solution File, Format Version 12.00
# Visual Studio 2015
Project("{FAE04EC0-301F-11D3-BF4B-00C04F79EFBC}") = "afproject_2.CSharp", "afproject_2.CSharp.csproj", "{825B5E00-1973-A590-F00F-22D6F42CFB05}"
EndProject
Project("{FAE04EC0-301F-11D3-BF4B-00C04F79EFBC}") = "afproject_2.CSharp.Editor", "afproject_2.CSharp.Editor.csproj", "{382B7761-0828-46C2-B7F9-14C9908DC413}"
EndProject
Global
	GlobalSection(SolutionConfigurationPlatforms) = preSolution
		Debug|Any CPU = Debug|Any CPU
		Release|Any CPU = Release|Any CPU
	EndGlobalSection
	GlobalSection(ProjectConfigurationPlatforms) = postSolution
		{825B5E00-1973-A590-F00F-22D6F42CFB05}.Debug|Any CPU.ActiveCfg = Debug|Any CPU
		{825B5E00-1973-A590-F00F-22D6F42CFB05}.Debug|Any CPU.Build.0 = Debug|Any CPU
		{825B5E00-1973-A590-F00F-22D6F42CFB05}.Release|Any CPU.ActiveCfg = Release|Any CPU
		{825B5E00-1973-A590-F00F-22D6F42CFB05}.Release|Any CPU.Build.0 = Release|Any CPU
		{382B7761-0828-46C2-B7F9-14C9908DC413}.Debug|Any CPU.ActiveCfg = Debug|Any CPU
		{382B7761-0828-46C2-B7F9-14C9908DC413}.Debug|Any CPU.Build.0 = Debug|Any CPU
		{382B7761-0828-46C2-B7F9-14C9908DC413}.Release|Any CPU.ActiveCfg = Release|Any CPU
		{382B7761-0828-46C2-B7F9-14C9908DC413}.Release|Any CPU.Build.0 = Release|Any CPU
	EndGlobalSection
	GlobalSection(SolutionProperties) = preSolution
		HideSolutionNode = FALSE
	EndGlobalSection
EndGlobal
